{
  "name": "react-summer-wars-world-clock",
  "version": "0.1.1",
  "lockfileVersion": 1,
  "requires": true,
  "dependencies": {
    "@types/d3": {
      "version": "5.9.2",
      "resolved": "https://registry.npmjs.org/@types/d3/-/d3-5.9.2.tgz",
      "integrity": "sha512-eqiXmREP+cZhngaPalnJ1M88tXO74GyQB8TFd3h20e4zf5NOwLVGGlHU2ZoQ1e+rcdbfboSSwxffoQPIxEh55w==",
      "dev": true,
      "requires": {
        "@types/d3-array": "^1",
        "@types/d3-axis": "*",
        "@types/d3-brush": "*",
        "@types/d3-chord": "^1",
        "@types/d3-collection": "*",
        "@types/d3-color": "*",
        "@types/d3-contour": "^1",
        "@types/d3-dispatch": "*",
        "@types/d3-drag": "*",
        "@types/d3-dsv": "*",
        "@types/d3-ease": "*",
        "@types/d3-fetch": "*",
        "@types/d3-force": "*",
        "@types/d3-format": "*",
        "@types/d3-geo": "*",
        "@types/d3-hierarchy": "^1",
        "@types/d3-interpolate": "*",
        "@types/d3-path": "^1",
        "@types/d3-polygon": "^1",
        "@types/d3-quadtree": "*",
        "@types/d3-random": "*",
        "@types/d3-scale": "*",
        "@types/d3-scale-chromatic": "^1",
        "@types/d3-selection": "^1",
        "@types/d3-shape": "*",
        "@types/d3-time": "*",
        "@types/d3-time-format": "*",
        "@types/d3-timer": "^1",
        "@types/d3-transition": "*",
        "@types/d3-voronoi": "*",
        "@types/d3-zoom": "*"
      }
    },
    "@types/d3-array": {
      "version": "1.2.7",
      "resolved": "https://registry.npmjs.org/@types/d3-array/-/d3-array-1.2.7.tgz",
      "integrity": "sha512-51vHWuUyDOi+8XuwPrTw3cFqyh2Slg9y8COYkRfjCPG9TfYqY0hoNPzv/8BrcAy0FeQBzqEo/D/8Nk2caOQJnA==",
      "dev": true
    },
    "@types/d3-axis": {
      "version": "1.0.13",
      "resolved": "https://registry.npmjs.org/@types/d3-axis/-/d3-axis-1.0.13.tgz",
      "integrity": "sha512-7He7TtK4m1aL9SUypNBmyP22+h2sx307CWNuHUpv/fA/sgNqT/VGFqIdXrljDn2KqdakI+7RLpkufGB5EwBN8Q==",
      "dev": true,
      "requires": {
        "@types/d3-selection": "^1"
      }
    },
    "@types/d3-brush": {
      "version": "1.1.3",
      "resolved": "https://registry.npmjs.org/@types/d3-brush/-/d3-brush-1.1.3.tgz",
      "integrity": "sha512-bMqtPEkM/jXdQl0V+oun7dLt+aieez41mD415hQMJUOlpxTvp0sLJ/B12lhIwyI7DrxkI/rQn5WYOH8Q1l5Nfg==",
      "dev": true,
      "requires": {
        "@types/d3-selection": "^1"
      }
    },
    "@types/d3-chord": {
      "version": "1.0.10",
      "resolved": "https://registry.npmjs.org/@types/d3-chord/-/d3-chord-1.0.10.tgz",
      "integrity": "sha512-U6YojfET6ITL1/bUJo+/Lh3pMV9XPAfOWwbshl3y3RlgAX9VO/Bxa13IMAylZIDY4VsA3Gkh29kZP1AcAeyoYA==",
      "dev": true
    },
    "@types/d3-collection": {
      "version": "1.0.8",
      "resolved": "https://registry.npmjs.org/@types/d3-collection/-/d3-collection-1.0.8.tgz",
      "integrity": "sha512-y5lGlazdc0HNO0F3UUX2DPE7OmYvd9Kcym4hXwrJcNUkDaypR5pX+apuMikl9LfTxKItJsY9KYvzBulpCKyvuQ==",
      "dev": true
    },
    "@types/d3-color": {
      "version": "1.3.0",
      "resolved": "https://registry.npmjs.org/@types/d3-color/-/d3-color-1.3.0.tgz",
      "integrity": "sha512-Nvgkk/ojlxQFTyVurJFkbSgvZpmzrBqMBNFi+9qi2Ua3dqEqYqho3O0lNiviUcAZouR36z5kaxsPr25fgEQdog==",
      "dev": true
    },
    "@types/d3-contour": {
      "version": "1.3.1",
      "resolved": "https://registry.npmjs.org/@types/d3-contour/-/d3-contour-1.3.1.tgz",
      "integrity": "sha512-wWwsM/3NfKTRBdH00cSf+XlsaHlNTkvH66PgDedobyvKQZ4sJrXXpr16LXvDnAal4B67v8JGrWDgyx6dqqKLuQ==",
      "dev": true,
      "requires": {
        "@types/d3-array": "^1",
        "@types/geojson": "*"
      }
    },
    "@types/d3-dispatch": {
      "version": "1.0.8",
      "resolved": "https://registry.npmjs.org/@types/d3-dispatch/-/d3-dispatch-1.0.8.tgz",
      "integrity": "sha512-lCDtqoYez0TgFN3FljBXrz2icqeSzD0gufGook6DPBia+NOh2TBfogjHIsmNa/a+ZOewlHtq4cgLY80O1uLymw==",
      "dev": true
    },
    "@types/d3-drag": {
      "version": "1.2.4",
      "resolved": "https://registry.npmjs.org/@types/d3-drag/-/d3-drag-1.2.4.tgz",
      "integrity": "sha512-DXy8rZzCy3B9LOf9x2PsWCt4b2VGtyxfEROBSXYtIWy7U9oLcjNiANGUmvd7EwDb8VWMaDYU21eByCcTqZrIsA==",
      "dev": true,
      "requires": {
        "@types/d3-selection": "^1"
      }
    },
    "@types/d3-dsv": {
      "version": "1.1.0",
      "resolved": "https://registry.npmjs.org/@types/d3-dsv/-/d3-dsv-1.1.0.tgz",
      "integrity": "sha512-Mjd4hhZSOqB2FFw4J0V1ixDayb7HawJ6T5uB3pfjEvQ3pOVQrI1AB+WphozoxbgPCXhSi76fTwkDkwcVWAKYJA==",
      "dev": true
    },
    "@types/d3-ease": {
      "version": "1.0.9",
      "resolved": "https://registry.npmjs.org/@types/d3-ease/-/d3-ease-1.0.9.tgz",
      "integrity": "sha512-U5ADevQ+W6fy32FVZZC9EXallcV/Mi12A5Tkd0My5MrC7T8soMQEhlDAg88XUWm0zoCQlB4XV0en/24LvuDB4Q==",
      "dev": true
    },
    "@types/d3-fetch": {
      "version": "1.2.0",
      "resolved": "https://registry.npmjs.org/@types/d3-fetch/-/d3-fetch-1.2.0.tgz",
      "integrity": "sha512-JGdoPDEzcVQnyiVfvetNf7Xs9Lz9tGScU3S5NgeyCzdFpdjsNkz5LuhEYlnvjXn5ptPrXWOK9ZHcM6sWkUAgWQ==",
      "dev": true,
      "requires": {
        "@types/d3-dsv": "*"
      }
    },
    "@types/d3-force": {
      "version": "1.2.1",
      "resolved": "https://registry.npmjs.org/@types/d3-force/-/d3-force-1.2.1.tgz",
      "integrity": "sha512-jqK+I36uz4kTBjyk39meed5y31Ab+tXYN/x1dn3nZEus9yOHCLc+VrcIYLc/aSQ0Y7tMPRlIhLetulME76EiiA==",
      "dev": true
    },
    "@types/d3-format": {
      "version": "1.4.0",
      "resolved": "https://registry.npmjs.org/@types/d3-format/-/d3-format-1.4.0.tgz",
      "integrity": "sha512-0ELZVrlm+lL/bkj5dPnI8lKHlWPA6SjMzXT7qz9+6hy1JaOYafgY+Mo05/Nsh+JErUsKrSLqgI4FhAYTLYENfQ==",
      "dev": true
    },
    "@types/d3-geo": {
      "version": "1.12.0",
      "resolved": "https://registry.npmjs.org/@types/d3-geo/-/d3-geo-1.12.0.tgz",
      "integrity": "sha512-x0x3kckNms8ftJicAcDNPj2xOHFw9hGzkrMcWD1pHM/vPvXZo6g9nh9AVUeQRu59Mpuhlf1EcdNH08KWPQ9mWw==",
      "dev": true,
      "requires": {
        "@types/geojson": "*"
      }
    },
    "@types/d3-hierarchy": {
      "version": "1.1.7",
      "resolved": "https://registry.npmjs.org/@types/d3-hierarchy/-/d3-hierarchy-1.1.7.tgz",
      "integrity": "sha512-fvht6DOYKzqmXjMb/+xfgkmrWM4SD7rMA/ZbM+gGwr9ZTuIDfky95J8CARtaJo/ExeWyS0xGVdL2gqno2zrQ0Q==",
      "dev": true
    },
    "@types/d3-interpolate": {
      "version": "1.4.0",
      "resolved": "https://registry.npmjs.org/@types/d3-interpolate/-/d3-interpolate-1.4.0.tgz",
      "integrity": "sha512-tGsIdgmVRd7htJhNrTWEaB3B4N/ubIBzFWPY5Bv4Q4jrcNqqkR0MGUrmTyT7wYIcFFdM1PQBHxxOS40LkFHOCw==",
      "dev": true,
      "requires": {
        "@types/d3-color": "*"
      }
    },
    "@types/d3-path": {
      "version": "1.0.9",
      "resolved": "https://registry.npmjs.org/@types/d3-path/-/d3-path-1.0.9.tgz",
      "integrity": "sha512-NaIeSIBiFgSC6IGUBjZWcscUJEq7vpVu7KthHN8eieTV9d9MqkSOZLH4chq1PmcKy06PNe3axLeKmRIyxJ+PZQ==",
      "dev": true
    },
    "@types/d3-polygon": {
      "version": "1.0.8",
      "resolved": "https://registry.npmjs.org/@types/d3-polygon/-/d3-polygon-1.0.8.tgz",
      "integrity": "sha512-1TOJPXCBJC9V3+K3tGbTqD/CsqLyv/YkTXAcwdsZzxqw5cvpdnCuDl42M4Dvi8XzMxZNCT9pL4ibrK2n4VmAcw==",
      "dev": true
    },
    "@types/d3-quadtree": {
      "version": "1.0.7",
      "resolved": "https://registry.npmjs.org/@types/d3-quadtree/-/d3-quadtree-1.0.7.tgz",
      "integrity": "sha512-0ajFawWicfjsaCLh6NzxOyVDYhQAmMFbsiI3MPGLInorauHFEh9/Cl6UHNf+kt/J1jfoxKY/ZJaKAoDpbvde5Q==",
      "dev": true
    },
    "@types/d3-random": {
      "version": "1.1.2",
      "resolved": "https://registry.npmjs.org/@types/d3-random/-/d3-random-1.1.2.tgz",
      "integrity": "sha512-Jui+Zn28pQw/3EayPKaN4c/PqTvqNbIPjHkgIIFnxne1FdwNjfHtAIsZIBMKlquQNrrMjFzCrlF2gPs3xckqaA==",
      "dev": true
    },
    "@types/d3-scale": {
      "version": "2.2.2",
      "resolved": "https://registry.npmjs.org/@types/d3-scale/-/d3-scale-2.2.2.tgz",
      "integrity": "sha512-7a2xvhDJIhPAXPbEGBVaInMySdb/jIMPlBCAVyLsgVqfjOvZBGo2inbS0P5E9Po3bq+G+AiEJ2KiGooZEZTVJw==",
      "dev": true,
      "requires": {
        "@types/d3-time": "*"
      }
    },
    "@types/d3-scale-chromatic": {
      "version": "1.5.1",
      "resolved": "https://registry.npmjs.org/@types/d3-scale-chromatic/-/d3-scale-chromatic-1.5.1.tgz",
      "integrity": "sha512-7FtJYrmXTEWLykShjYhoGuDNR/Bda0+tstZMkFj4RRxUEryv16AGh3be21tqg84B6KfEwiZyEpBcTyPyU+GWjg==",
      "dev": true
    },
    "@types/d3-selection": {
      "version": "1.4.3",
      "resolved": "https://registry.npmjs.org/@types/d3-selection/-/d3-selection-1.4.3.tgz",
      "integrity": "sha512-GjKQWVZO6Sa96HiKO6R93VBE8DUW+DDkFpIMf9vpY5S78qZTlRRSNUsHr/afDpF7TvLDV7VxrUFOWW7vdIlYkA==",
      "dev": true
    },
    "@types/d3-shape": {
      "version": "1.3.3",
      "resolved": "https://registry.npmjs.org/@types/d3-shape/-/d3-shape-1.3.3.tgz",
      "integrity": "sha512-kuIftW9veM/8iNY1SvrZOfyJ2+6fFlPhVH7ShKrO3lXCSpe97xor6q89w23Jwir5Gn3xHHR1qS2jF35DstE2Dg==",
      "dev": true,
      "requires": {
        "@types/d3-path": "^1"
      }
    },
    "@types/d3-time": {
      "version": "1.1.0",
      "resolved": "https://registry.npmjs.org/@types/d3-time/-/d3-time-1.1.0.tgz",
      "integrity": "sha512-o0eSBLzcKYsiOyzQim5yW30HeFnC2WBoD3RjCrcOQUzNW3/yvSOo1CcKN2jtyG0ZdmjLQfHJIFqGRrOXBz+eYg==",
      "dev": true
    },
    "@types/d3-time-format": {
      "version": "2.2.0",
      "resolved": "https://registry.npmjs.org/@types/d3-time-format/-/d3-time-format-2.2.0.tgz",
      "integrity": "sha512-yzcfZngveAhhnCQ2SIoTof7ahik+tg008WolKTSwRHaUzrO+z+Fb3NglBo46J1BH+YUjTaOVfBqbdYJIS5PobA==",
      "dev": true
    },
    "@types/d3-timer": {
      "version": "1.0.10",
      "resolved": "https://registry.npmjs.org/@types/d3-timer/-/d3-timer-1.0.10.tgz",
      "integrity": "sha512-ZnAbquVqy+4ZjdW0cY6URp+qF/AzTVNda2jYyOzpR2cPT35FTXl78s15Bomph9+ckOiI1TtkljnWkwbIGAb6rg==",
      "dev": true
    },
    "@types/d3-transition": {
      "version": "1.2.1",
      "resolved": "https://registry.npmjs.org/@types/d3-transition/-/d3-transition-1.2.1.tgz",
      "integrity": "sha512-P0pIJYu3XAJrM7YBf4TFNCVDGnegOZUyEPnCUzsf+IY2xWqQ2yZWMMD6aD7T3fqMf7TW7HZS/d+CbY/E4EQNSA==",
      "dev": true,
      "requires": {
        "@types/d3-selection": "^1"
      }
    },
    "@types/d3-voronoi": {
      "version": "1.1.9",
      "resolved": "https://registry.npmjs.org/@types/d3-voronoi/-/d3-voronoi-1.1.9.tgz",
      "integrity": "sha512-DExNQkaHd1F3dFPvGA/Aw2NGyjMln6E9QzsiqOcBgnE+VInYnFBHBBySbZQts6z6xD+5jTfKCP7M4OqMyVjdwQ==",
      "dev": true
    },
    "@types/d3-zoom": {
      "version": "1.7.6",
      "resolved": "https://registry.npmjs.org/@types/d3-zoom/-/d3-zoom-1.7.6.tgz",
      "integrity": "sha512-F2O83CriPrlNObQf6SP47srJBSpcUYB93O8pue0PmV79JVbwzR5K84fEPYdli2zhs4CFVsrC82Mxnf5wo5gJbQ==",
      "dev": true,
      "requires": {
        "@types/d3-interpolate": "*",
        "@types/d3-selection": "^1"
      }
    },
    "@types/geojson": {
      "version": "7946.0.7",
      "resolved": "https://registry.npmjs.org/@types/geojson/-/geojson-7946.0.7.tgz",
      "integrity": "sha512-wE2v81i4C4Ol09RtsWFAqg3BUitWbHSpSlIo+bNdsCJijO9sjme+zm+73ZMCa/qMC8UEERxzGbvmr1cffo2SiQ==",
      "dev": true
    },
    "@types/node": {
      "version": "9.6.5",
      "resolved": "https://registry.npmjs.org/@types/node/-/node-9.6.5.tgz",
      "integrity": "sha512-NOLEgsT6UiDTjnWG5Hd2Mg25LRyz/oe8ql3wbjzgSFeRzRROhPmtlsvIrei4B46UjERF0td9SZ1ZXPLOdcrBHg==",
      "dev": true
    },
    "@types/react": {
      "version": "16.3.14",
      "resolved": "https://registry.npmjs.org/@types/react/-/react-16.3.14.tgz",
      "integrity": "sha1-+QrGg03hcuE+zKQw3LaBR0QiXTY=",
      "dev": true,
      "requires": {
        "csstype": "2.5.0"
      }
    },
    "@types/react-dom": {
      "version": "16.0.11",
      "resolved": "https://registry.npmjs.org/@types/react-dom/-/react-dom-16.0.11.tgz",
      "integrity": "sha512-x6zUx9/42B5Kl2Vl9HlopV8JF64wLpX3c+Pst9kc1HgzrsH+mkehe/zmHMQTplIrR48H2gpU7ZqurQolYu8XBA==",
      "dev": true,
      "requires": {
        "@types/react": "*"
      }
    },
    "asap": {
      "version": "2.0.6",
      "resolved": "https://registry.npmjs.org/asap/-/asap-2.0.6.tgz",
      "integrity": "sha1-5QNHYR1+aQlDIIu9r+vLwvuGbUY="
    },
    "csstype": {
      "version": "2.5.0",
      "resolved": "https://registry.npmjs.org/csstype/-/csstype-2.5.0.tgz",
      "integrity": "sha1-U+HCQvQi1dl2uB9CcHvZuJNEku4=",
      "dev": true
    },
    "d3": {
      "version": "3.5.12",
      "resolved": "https://registry.npmjs.org/d3/-/d3-3.5.12.tgz",
      "integrity": "sha1-O4IfW3LFNx7M6hqvTaLzF+tHMkA="
    },
    "encoding": {
      "version": "0.1.12",
      "resolved": "https://registry.npmjs.org/encoding/-/encoding-0.1.12.tgz",
      "integrity": "sha1-U4tm8+5izRq1HsMjgp0flIDHS+s=",
      "requires": {
        "iconv-lite": "0.4.23"
      }
    },
    "fbjs": {
      "version": "0.8.16",
      "resolved": "https://registry.npmjs.org/fbjs/-/fbjs-0.8.16.tgz",
      "integrity": "sha1-XmdDL1UNxBtXK/VYR7ispk5TN9s=",
      "requires": {
        "core-js": "1.2.7",
        "isomorphic-fetch": "2.2.1",
        "loose-envify": "1.3.1",
        "object-assign": "4.1.1",
        "promise": "7.3.1",
        "setimmediate": "1.0.5",
        "ua-parser-js": "0.7.18"
      },
      "dependencies": {
        "core-js": {
          "version": "1.2.7",
          "resolved": "https://registry.npmjs.org/core-js/-/core-js-1.2.7.tgz",
          "integrity": "sha1-ZSKUwUZR2yj6k70tX/KYOk8IxjY="
        }
      }
    },
    "iconv-lite": {
      "version": "0.4.23",
      "resolved": "https://registry.npmjs.org/iconv-lite/-/iconv-lite-0.4.23.tgz",
      "integrity": "sha1-KXhx9jvlB63Pv8pxXQzQ7thOmmM=",
      "requires": {
        "safer-buffer": "2.1.2"
      }
    },
    "is-stream": {
      "version": "1.1.0",
      "resolved": "https://registry.npmjs.org/is-stream/-/is-stream-1.1.0.tgz",
      "integrity": "sha1-EtSj3U5o4Lec6428hBc66A2RykQ="
    },
    "isomorphic-fetch": {
      "version": "2.2.1",
      "resolved": "https://registry.npmjs.org/isomorphic-fetch/-/isomorphic-fetch-2.2.1.tgz",
      "integrity": "sha1-YRrhrPFPXoH3KVB0coGf6XM1WKk=",
      "requires": {
        "node-fetch": "1.7.3",
        "whatwg-fetch": "2.0.4"
      }
    },
    "js-tokens": {
      "version": "3.0.2",
      "resolved": "https://registry.npmjs.org/js-tokens/-/js-tokens-3.0.2.tgz",
      "integrity": "sha1-mGbfOVECEw449/mWvOtlRDIJwls="
    },
    "loose-envify": {
      "version": "1.3.1",
      "resolved": "https://registry.npmjs.org/loose-envify/-/loose-envify-1.3.1.tgz",
      "integrity": "sha1-0aitM/qc4OcT1l/dCsi3SNR4yEg=",
      "requires": {
        "js-tokens": "3.0.2"
      }
    },
    "moment": {
      "version": "2.22.2",
      "resolved": "https://registry.npmjs.org/moment/-/moment-2.22.2.tgz",
      "integrity": "sha1-PCV/mDn8DpP/UxSWMiOeuQeD/2Y="
    },
    "node-fetch": {
      "version": "1.7.3",
      "resolved": "https://registry.npmjs.org/node-fetch/-/node-fetch-1.7.3.tgz",
      "integrity": "sha1-mA9vcthSEaU0fGsrwYxbhMPrR+8=",
      "requires": {
        "encoding": "0.1.12",
        "is-stream": "1.1.0"
      }
    },
    "object-assign": {
      "version": "4.1.1",
      "resolved": "https://registry.npmjs.org/object-assign/-/object-assign-4.1.1.tgz",
      "integrity": "sha1-IQmtx5ZYh8/AXLvUQsrIv7s2CGM="
    },
    "promise": {
      "version": "7.3.1",
      "resolved": "https://registry.npmjs.org/promise/-/promise-7.3.1.tgz",
      "integrity": "sha1-BktyYCsY+Q8pGSuLG8QY/9Hr078=",
      "requires": {
        "asap": "2.0.6"
      }
    },
    "prop-types": {
      "version": "15.6.1",
      "resolved": "https://registry.npmjs.org/prop-types/-/prop-types-15.6.1.tgz",
      "integrity": "sha1-NmREU1ZCVd3aORGR+zoSXL32VMo=",
      "requires": {
        "fbjs": "0.8.16",
        "loose-envify": "1.3.1",
        "object-assign": "4.1.1"
      }
    },
    "react": {
      "version": "16.3.2",
      "resolved": "https://registry.npmjs.org/react/-/react-16.3.2.tgz",
      "integrity": "sha1-/chCA5hTOh5Yhy9ZCRsnLOL5Hqk=",
      "requires": {
        "fbjs": "0.8.16",
        "loose-envify": "1.3.1",
        "object-assign": "4.1.1",
        "prop-types": "15.6.1"
      }
    },
    "react-dom": {
      "version": "16.3.2",
      "resolved": "https://registry.npmjs.org/react-dom/-/react-dom-16.3.2.tgz",
      "integrity": "sha1-y5DxB+CVNtaD2E7V1IiOlkDg5N8=",
      "requires": {
        "fbjs": "0.8.16",
        "loose-envify": "1.3.1",
        "object-assign": "4.1.1",
        "prop-types": "15.6.1"
      }
    },
    "safer-buffer": {
      "version": "2.1.2",
      "resolved": "https://registry.npmjs.org/safer-buffer/-/safer-buffer-2.1.2.tgz",
      "integrity": "sha1-RPoWGwGHuVSd2Eu5GAL5vYOFzWo="
    },
    "setimmediate": {
      "version": "1.0.5",
      "resolved": "https://registry.npmjs.org/setimmediate/-/setimmediate-1.0.5.tgz",
      "integrity": "sha1-KQy7Iy4waULX1+qbg3Mqt4VvgoU="
    },
    "typescript": {
      "version": "2.8.3",
      "resolved": "https://registry.npmjs.org/typescript/-/typescript-2.8.3.tgz",
      "integrity": "sha1-XYF/m28xu4cYNfTt8AifIavmwXA=",
      "dev": true
    },
    "ua-parser-js": {
      "version": "0.7.18",
      "resolved": "https://registry.npmjs.org/ua-parser-js/-/ua-parser-js-0.7.18.tgz",
      "integrity": "sha1-p7/ZL1bt+xFwg7aeMdKqiILUse0="
    },
    "whatwg-fetch": {
      "version": "2.0.4",
      "resolved": "https://registry.npmjs.org/whatwg-fetch/-/whatwg-fetch-2.0.4.tgz",
      "integrity": "sha1-3eal3zFfnTmZGqF2IYU9cguFVm8="
    }
  }
}
